
Microsoft Visual Studio Solution File, Format Version 12.00
# Visual Studio 15
Project("{FAE04EC0-301F-11D3-BF4B-00C04F79EFBC}") = "writely", "writely\writely.csproj", "{E6771B90-3944-4F69-922A-0120CBF65B19}"
EndProject
Project("{FAE04EC0-301F-11D3-BF4B-00C04F79EFBC}") = "writely.tests", "writely.tests\writely.tests.csproj", "{63DD9421-044D-45D9-AD45-83132832100A}"
EndProject
Project("{FAE04EC0-301F-11D3-BF4B-00C04F79EFBC}") = "writely.integration-tests", "writely.integration-tests\writely.integration-tests.csproj", "{11868184-153D-4930-B27C-32CAD3A50B29}"
EndProject
Global
	GlobalSection(SolutionConfigurationPlatforms) = preSolution
		Debug|Any CPU = Debug|Any CPU
		Release|Any CPU = Release|Any CPU
	EndGlobalSection
	GlobalSection(ProjectConfigurationPlatforms) = postSolution
		{E6771B90-3944-4F69-922A-0120CBF65B19}.Debug|Any CPU.ActiveCfg = Debug|Any CPU
		{E6771B90-3944-4F69-922A-0120CBF65B19}.Debug|Any CPU.Build.0 = Debug|Any CPU
		{E6771B90-3944-4F69-922A-0120CBF65B19}.Release|Any CPU.ActiveCfg = Release|Any CPU
		{E6771B90-3944-4F69-922A-0120CBF65B19}.Release|Any CPU.Build.0 = Release|Any CPU
		{63DD9421-044D-45D9-AD45-83132832100A}.Debug|Any CPU.ActiveCfg = Debug|Any CPU
		{63DD9421-044D-45D9-AD45-83132832100A}.Debug|Any CPU.Build.0 = Debug|Any CPU
		{63DD9421-044D-45D9-AD45-83132832100A}.Release|Any CPU.ActiveCfg = Release|Any CPU
		{63DD9421-044D-45D9-AD45-83132832100A}.Release|Any CPU.Build.0 = Release|Any CPU
		{11868184-153D-4930-B27C-32CAD3A50B29}.Debug|Any CPU.ActiveCfg = Debug|Any CPU
		{11868184-153D-4930-B27C-32CAD3A50B29}.Debug|Any CPU.Build.0 = Debug|Any CPU
		{11868184-153D-4930-B27C-32CAD3A50B29}.Release|Any CPU.ActiveCfg = Release|Any CPU
		{11868184-153D-4930-B27C-32CAD3A50B29}.Release|Any CPU.Build.0 = Release|Any CPU
	EndGlobalSection
EndGlobal
